hash: b75ffbd568609787f1b54ea42bdccd19fa00d172c2617c6f3438cca7da5af14b
updated: 2017-12-07T14:43:07.681391+08:00
imports:
- name: github.com/jinzhu/gorm
  version: 5174cc5c242a728b435ea2be8a2f7f998e15429b
- name: github.com/jinzhu/inflection
  version: 1c35d901db3da928c72a72d8458480cc9ade058f
testImports: []
