hash: fdf11f12344c6e336d9d67c03fc6d195a46541a28d04bea3c92262dfcaa491ff
updated: 2017-11-22T15:31:20.355861+08:00
imports:
- name: github.com/garyburd/redigo
  version: 47dc60e71eed504e3ef8e77ee3c6fe720f3be57f
  subpackages:
  - internal
  - redis
- name: github.com/sudiyi/sdy
  version: f37c7b6f133bb85b12eff19f2813e4eae7654961
  subpackages:
  - utils
testImports: []
